<?xml version="1.0" encoding="utf-8"?>
<Project ToolsVersion="4.0" xmlns="http://schemas.microsoft.com/developer/msbuild/2003">
  <ItemGroup>
    <Filter Include="Source Files">
      <UniqueIdentifier>{0E2E4D20-4E2A-43A7-BB4D-936D6F8477B8}</UniqueIdentifier>
      <Extensions>cpp;c;cc;cxx</Extensions>
    </Filter>
    <Filter Include="Header Files">
      <UniqueIdentifier>{8B50B5B0-87D8-49E0-8FD4-83D9F5AB8D70}</UniqueIdentifier>
      <Extensions>h;hpp;hxx</Extensions>
    </Filter>
    <Filter Include="Driver Package">
      <UniqueIdentifier>{52D4A188-FD0E-44D2-82BC-40D0F14CF29C}</UniqueIdentifier>
      <Extensions>inf</Extensions>
    </Filter>
  </ItemGroup>
  <ItemGroup>
    <ClCompile Include="Driver.cpp">
      <Filter>Source Files</Filter>
    </ClCompile>
  </ItemGroup>
  <ItemGroup>
    <ClInclude Include="Driver.h">
      <Filter>Header Files</Filter>
    </ClInclude>
  </ItemGroup>
  <ItemGroup>
    <None Include="LumaBridgeIddDriver.inf">
      <Filter>Driver Package</Filter>
    </None>
  </ItemGroup>
</Project>
